
Microsoft Visual Studio Solution File, Format Version 12.00
# Visual Studio Version 16
VisualStudioVersion = 16.0.31005.135
MinimumVisualStudioVersion = 10.0.40219.1
Project("{FAE04EC0-301F-11D3-BF4B-00C04F79EFBC}") = "API", "API\API.csproj", "{46DD2FFF-52B6-4B5B-A2C4-234558CAB483}"
EndProject
Global
	GlobalSection(SolutionConfigurationPlatforms) = preSolution
		Debug|Any CPU = Debug|Any CPU
		Release|Any CPU = Release|Any CPU
	EndGlobalSection
	GlobalSection(ProjectConfigurationPlatforms) = postSolution
		{46DD2FFF-52B6-4B5B-A2C4-234558CAB483}.Debug|Any CPU.ActiveCfg = Debug|Any CPU
		{46DD2FFF-52B6-4B5B-A2C4-234558CAB483}.Debug|Any CPU.Build.0 = Debug|Any CPU
		{46DD2FFF-52B6-4B5B-A2C4-234558CAB483}.Release|Any CPU.ActiveCfg = Release|Any CPU
		{46DD2FFF-52B6-4B5B-A2C4-234558CAB483}.Release|Any CPU.Build.0 = Release|Any CPU
	EndGlobalSection
	GlobalSection(SolutionProperties) = preSolution
		HideSolutionNode = FALSE
	EndGlobalSection
	GlobalSection(ExtensibilityGlobals) = postSolution
		SolutionGuid = {0B1889D2-0008-44BA-AD8B-F79651D1B1E9}
	EndGlobalSection
EndGlobal
